{
  "plugin_type": "extractors",
  "name": "tap-google-sheets",
  "namespace": "tap_google_sheets",
  "variant": "singer-io",
  "label": "Google Sheets",
  "docs": "https://hub.meltano.com/extractors/tap-google-sheets--singer-io",
  "repo": "https://github.com/singer-io/tap-google-sheets",
  "pip_url": "git+https://github.com/singer-io/tap-google-sheets.git",
  "description": "Cloud Spreadsheets",
  "logo_url": "https://hub.meltano.com/assets/logos/extractors/google-sheets.png",
  "capabilities": [
    "discover",
    "catalog",
    "state"
  ],
  "settings_group_validation": [
    [
      "client_id",
      "client_secret",
      "refresh_token",
      "spreadsheet_id",
      "start_date",
      "user_agent"
    ]
  ],
  "settings": [
    {
      "name": "client_id",
      "label": "Client ID",
      "documentation": "https://drive.google.com/open?id=1FojlvtLwS0-BzGS37R0jEXtwSHqSiO1Uw-7RKQQO-C4",
      "description": "This is the ID setup via the Google Cloud API."
    },
    {
      "name": "client_secret",
      "kind": "password",
      "label": "Client Secret",
      "documentation": "https://drive.google.com/open?id=1FojlvtLwS0-BzGS37R0jEXtwSHqSiO1Uw-7RKQQO-C4",
      "description": "This is generated when the client ID is created via the Google Cloud API."
    },
    {
      "name": "refresh_token",
      "kind": "password",
      "label": "Refresh Token",
      "documentation": "https://drive.google.com/open?id=1FojlvtLwS0-BzGS37R0jEXtwSHqSiO1Uw-7RKQQO-C4",
      "description": "This is the token used to generate new access_tokens. It is manually generated by making an API call to the Google Cloud API. See the [documentation](https://drive.google.com/open?id=1FojlvtLwS0-BzGS37R0jEXtwSHqSiO1Uw-7RKQQO-C4) for more information."
    },
    {
      "name": "spreadsheet_id",
      "label": "Spreadsheet ID",
      "description": "The unique identifier for a spreadsheet."
    },
    {
      "name": "start_date",
      "kind": "date_iso8601",
      "label": "Start Date",
      "description": "The absolute minimum start date to check if a file was modified.",
      "placeholder": "Ex. \"2019-01-01T00:00:00Z\""
    },
    {
      "name": "user_agent",
      "value": "tap-google-sheets via Meltano",
      "label": "User Agent",
      "description": "Used to identify the tap in the Google Remote API logs.",
      "placeholder": "Ex. \"tap-google-search-console <api_user_email@example.com>\""
    }
  ]
}